{
  "object": {
    "pins": [
      {
        "package": "Facebook",
        "repositoryURL": "https://github.com/facebook/facebook-ios-sdk.git",
        "state": {
          "branch": "main",
          "revision": "e7542ef4c70452eeb8eb41fef05a1afbc0251f6b",
          "version": null
        }
      },
      {
        "package": "LeanSDK",
        "repositoryURL": "https://github.com/leantechnologies/link-sdk-ios-distribution.git",
        "state": {
          "branch": "master",
          "revision": "fd5fc3e0334765ded6de0100d79b61929118f7f5",
          "version": null
        }
      }
    ]
  },
  "version": 1
}
